// !$*UTF8*$!
{
	archiveVersion = 1;
	classes = {
	};
	objectVersion = 50;
	objects = {

/* Begin PBXBuildFile section */
		59396CD425BD43340083DD7B /* weatherResponse.json in Resources */ = {isa = PBXBuildFile; fileRef = 59396CD325BD43340083DD7B /* weatherResponse.json */; };
		59396CDC25BD4D8F0083DD7B /* WeatherService.swift in Sources */ = {isa = PBXBuildFile; fileRef = 59396CDB25BD4D8E0083DD7B /* WeatherService.swift */; };
		59396CE425BD513B0083DD7B /* API.swift in Sources */ = {isa = PBXBuildFile; fileRef = 59396CE325BD513B0083DD7B /* API.swift */; };
		59396CE925BD5B750083DD7B /* Icons.json in Resources */ = {isa = PBXBuildFile; fileRef = 59396CE825BD5B750083DD7B /* Icons.json */; };
		59396CF625BDE31B0083DD7B /* CurrentView.swift in Sources */ = {isa = PBXBuildFile; fileRef = 59396CF525BDE31B0083DD7B /* CurrentView.swift */; };
		59396CFB25BDE6A10083DD7B /* Current+Extension.swift in Sources */ = {isa = PBXBuildFile; fileRef = 59396CFA25BDE6A10083DD7B /* Current+Extension.swift */; };
		596B18D525BC7DB700F9B186 /* CurrentWeather.swift in Sources */ = {isa = PBXBuildFile; fileRef = 596B18D425BC7DB700F9B186 /* CurrentWeather.swift */; };
		596B18DA25BC80B800F9B186 /* WeeklyModel.swift in Sources */ = {isa = PBXBuildFile; fileRef = 596B18D925BC80B800F9B186 /* WeeklyModel.swift */; };
		5989593125B95C6A00A54F5A /* Weather_AppApp.swift in Sources */ = {isa = PBXBuildFile; fileRef = 5989593025B95C6A00A54F5A /* Weather_AppApp.swift */; };
		5989593325B95C6A00A54F5A /* ContentView.swift in Sources */ = {isa = PBXBuildFile; fileRef = 5989593225B95C6A00A54F5A /* ContentView.swift */; };
		5989593525B95C6F00A54F5A /* Assets.xcassets in Resources */ = {isa = PBXBuildFile; fileRef = 5989593425B95C6F00A54F5A /* Assets.xcassets */; };
		5989593825B95C6F00A54F5A /* Preview Assets.xcassets in Resources */ = {isa = PBXBuildFile; fileRef = 5989593725B95C6F00A54F5A /* Preview Assets.xcassets */; };
		5989594325B95C7000A54F5A /* Weather_AppTests.swift in Sources */ = {isa = PBXBuildFile; fileRef = 5989594225B95C7000A54F5A /* Weather_AppTests.swift */; };
		5989594E25B95C7000A54F5A /* Weather_AppUITests.swift in Sources */ = {isa = PBXBuildFile; fileRef = 5989594D25B95C7000A54F5A /* Weather_AppUITests.swift */; };
		5989595F25B9699400A54F5A /* WeatherIcon.swift in Sources */ = {isa = PBXBuildFile; fileRef = 5989595E25B9699400A54F5A /* WeatherIcon.swift */; };
		5989596425B9708000A54F5A /* AppView.swift in Sources */ = {isa = PBXBuildFile; fileRef = 5989596325B9708000A54F5A /* AppView.swift */; };
		5989596925B9710D00A54F5A /* WeeklyTemperatureView.swift in Sources */ = {isa = PBXBuildFile; fileRef = 5989596825B9710D00A54F5A /* WeeklyTemperatureView.swift */; };
		5989597225B9C89F00A54F5A /* CurrentWeatherModel.swift in Sources */ = {isa = PBXBuildFile; fileRef = 5989597125B9C89F00A54F5A /* CurrentWeatherModel.swift */; };
		5989597725B9C8F300A54F5A /* WeatherManager.swift in Sources */ = {isa = PBXBuildFile; fileRef = 5989597625B9C8F300A54F5A /* WeatherManager.swift */; };
/* End PBXBuildFile section */

/* Begin PBXContainerItemProxy section */
		5989593F25B95C7000A54F5A /* PBXContainerItemProxy */ = {
			isa = PBXContainerItemProxy;
			containerPortal = 5989592525B95C6A00A54F5A /* Project object */;
			proxyType = 1;
			remoteGlobalIDString = 5989592C25B95C6A00A54F5A;
			remoteInfo = "Weather-App";
		};
		5989594A25B95C7000A54F5A /* PBXContainerItemProxy */ = {
			isa = PBXContainerItemProxy;
			containerPortal = 5989592525B95C6A00A54F5A /* Project object */;
			proxyType = 1;
			remoteGlobalIDString = 5989592C25B95C6A00A54F5A;
			remoteInfo = "Weather-App";
		};
/* End PBXContainerItemProxy section */

/* Begin PBXFileReference section */
		59396CD325BD43340083DD7B /* weatherResponse.json */ = {isa = PBXFileReference; lastKnownFileType = text.json; path = weatherResponse.json; sourceTree = "<group>"; };
		59396CDB25BD4D8E0083DD7B /* WeatherService.swift */ = {isa = PBXFileReference; lastKnownFileType = sourcecode.swift; path = WeatherService.swift; sourceTree = "<group>"; };
		59396CE325BD513B0083DD7B /* API.swift */ = {isa = PBXFileReference; fileEncoding = 4; lastKnownFileType = sourcecode.swift; path = API.swift; sourceTree = "<group>"; };
		59396CE825BD5B750083DD7B /* Icons.json */ = {isa = PBXFileReference; fileEncoding = 4; lastKnownFileType = text.json; path = Icons.json; sourceTree = "<group>"; };
		59396CF525BDE31B0083DD7B /* CurrentView.swift */ = {isa = PBXFileReference; lastKnownFileType = sourcecode.swift; path = CurrentView.swift; sourceTree = "<group>"; };
		59396CFA25BDE6A10083DD7B /* Current+Extension.swift */ = {isa = PBXFileReference; lastKnownFileType = sourcecode.swift; path = "Current+Extension.swift"; sourceTree = "<group>"; };
		596B18D425BC7DB700F9B186 /* CurrentWeather.swift */ = {isa = PBXFileReference; lastKnownFileType = sourcecode.swift; path = CurrentWeather.swift; sourceTree = "<group>"; };
		596B18D925BC80B800F9B186 /* WeeklyModel.swift */ = {isa = PBXFileReference; lastKnownFileType = sourcecode.swift; path = WeeklyModel.swift; sourceTree = "<group>"; };
		5989592D25B95C6A00A54F5A /* Weather-App.app */ = {isa = PBXFileReference; explicitFileType = wrapper.application; includeInIndex = 0; path = "Weather-App.app"; sourceTree = BUILT_PRODUCTS_DIR; };
		5989593025B95C6A00A54F5A /* Weather_AppApp.swift */ = {isa = PBXFileReference; lastKnownFileType = sourcecode.swift; path = Weather_AppApp.swift; sourceTree = "<group>"; };
		5989593225B95C6A00A54F5A /* ContentView.swift */ = {isa = PBXFileReference; lastKnownFileType = sourcecode.swift; path = ContentView.swift; sourceTree = "<group>"; };
		5989593425B95C6F00A54F5A /* Assets.xcassets */ = {isa = PBXFileReference; lastKnownFileType = folder.assetcatalog; path = Assets.xcassets; sourceTree = "<group>"; };
		5989593725B95C6F00A54F5A /* Preview Assets.xcassets */ = {isa = PBXFileReference; lastKnownFileType = folder.assetcatalog; path = "Preview Assets.xcassets"; sourceTree = "<group>"; };
		5989593925B95C6F00A54F5A /* Info.plist */ = {isa = PBXFileReference; lastKnownFileType = text.plist.xml; path = Info.plist; sourceTree = "<group>"; };
		5989593E25B95C7000A54F5A /* Weather-AppTests.xctest */ = {isa = PBXFileReference; explicitFileType = wrapper.cfbundle; includeInIndex = 0; path = "Weather-AppTests.xctest"; sourceTree = BUILT_PRODUCTS_DIR; };
		5989594225B95C7000A54F5A /* Weather_AppTests.swift */ = {isa = PBXFileReference; lastKnownFileType = sourcecode.swift; path = Weather_AppTests.swift; sourceTree = "<group>"; };
		5989594425B95C7000A54F5A /* Info.plist */ = {isa = PBXFileReference; lastKnownFileType = text.plist.xml; path = Info.plist; sourceTree = "<group>"; };
		5989594925B95C7000A54F5A /* Weather-AppUITests.xctest */ = {isa = PBXFileReference; explicitFileType = wrapper.cfbundle; includeInIndex = 0; path = "Weather-AppUITests.xctest"; sourceTree = BUILT_PRODUCTS_DIR; };
		5989594D25B95C7000A54F5A /* Weather_AppUITests.swift */ = {isa = PBXFileReference; lastKnownFileType = sourcecode.swift; path = Weather_AppUITests.swift; sourceTree = "<group>"; };
		5989594F25B95C7000A54F5A /* Info.plist */ = {isa = PBXFileReference; lastKnownFileType = text.plist.xml; path = Info.plist; sourceTree = "<group>"; };
		5989595E25B9699400A54F5A /* WeatherIcon.swift */ = {isa = PBXFileReference; lastKnownFileType = sourcecode.swift; path = WeatherIcon.swift; sourceTree = "<group>"; };
		5989596325B9708000A54F5A /* AppView.swift */ = {isa = PBXFileReference; lastKnownFileType = sourcecode.swift; path = AppView.swift; sourceTree = "<group>"; };
		5989596825B9710D00A54F5A /* WeeklyTemperatureView.swift */ = {isa = PBXFileReference; lastKnownFileType = sourcecode.swift; path = WeeklyTemperatureView.swift; sourceTree = "<group>"; };
		5989597125B9C89F00A54F5A /* CurrentWeatherModel.swift */ = {isa = PBXFileReference; lastKnownFileType = sourcecode.swift; path = CurrentWeatherModel.swift; sourceTree = "<group>"; };
		5989597625B9C8F300A54F5A /* WeatherManager.swift */ = {isa = PBXFileReference; lastKnownFileType = sourcecode.swift; path = WeatherManager.swift; sourceTree = "<group>"; };
/* End PBXFileReference section */

/* Begin PBXFrameworksBuildPhase section */
		5989592A25B95C6A00A54F5A /* Frameworks */ = {
			isa = PBXFrameworksBuildPhase;
			buildActionMask = 2147483647;
			files = (
			);
			runOnlyForDeploymentPostprocessing = 0;
		};
		5989593B25B95C7000A54F5A /* Frameworks */ = {
			isa = PBXFrameworksBuildPhase;
			buildActionMask = 2147483647;
			files = (
			);
			runOnlyForDeploymentPostprocessing = 0;
		};
		5989594625B95C7000A54F5A /* Frameworks */ = {
			isa = PBXFrameworksBuildPhase;
			buildActionMask = 2147483647;
			files = (
			);
			runOnlyForDeploymentPostprocessing = 0;
		};
/* End PBXFrameworksBuildPhase section */

/* Begin PBXGroup section */
		59396CD225BD430D0083DD7B /* API */ = {
			isa = PBXGroup;
			children = (
				59396CE325BD513B0083DD7B /* API.swift */,
				59396CD325BD43340083DD7B /* weatherResponse.json */,
				59396CE825BD5B750083DD7B /* Icons.json */,
				59396CDB25BD4D8E0083DD7B /* WeatherService.swift */,
				59396CFA25BDE6A10083DD7B /* Current+Extension.swift */,
			);
			path = API;
			sourceTree = "<group>";
		};
		595CD24925BCEECC003E71AD /* Networking */ = {
			isa = PBXGroup;
			children = (
				5989597125B9C89F00A54F5A /* CurrentWeatherModel.swift */,
				5989597625B9C8F300A54F5A /* WeatherManager.swift */,
				596B18D425BC7DB700F9B186 /* CurrentWeather.swift */,
				596B18D925BC80B800F9B186 /* WeeklyModel.swift */,
			);
			path = Networking;
			sourceTree = "<group>";
		};
		5989592425B95C6A00A54F5A = {
			isa = PBXGroup;
			children = (
				5989592F25B95C6A00A54F5A /* Weather-App */,
				5989594125B95C7000A54F5A /* Weather-AppTests */,
				5989594C25B95C7000A54F5A /* Weather-AppUITests */,
				5989592E25B95C6A00A54F5A /* Products */,
			);
			sourceTree = "<group>";
		};
		5989592E25B95C6A00A54F5A /* Products */ = {
			isa = PBXGroup;
			children = (
				5989592D25B95C6A00A54F5A /* Weather-App.app */,
				5989593E25B95C7000A54F5A /* Weather-AppTests.xctest */,
				5989594925B95C7000A54F5A /* Weather-AppUITests.xctest */,
			);
			name = Products;
			sourceTree = "<group>";
		};
		5989592F25B95C6A00A54F5A /* Weather-App */ = {
			isa = PBXGroup;
			children = (
				59396CD225BD430D0083DD7B /* API */,
				5989593025B95C6A00A54F5A /* Weather_AppApp.swift */,
				5989596D25B9C85400A54F5A /* View */,
				595CD24925BCEECC003E71AD /* Networking */,
				5989593425B95C6F00A54F5A /* Assets.xcassets */,
				5989593925B95C6F00A54F5A /* Info.plist */,
				5989593625B95C6F00A54F5A /* Preview Content */,
			);
			path = "Weather-App";
			sourceTree = "<group>";
		};
		5989593625B95C6F00A54F5A /* Preview Content */ = {
			isa = PBXGroup;
			children = (
				5989593725B95C6F00A54F5A /* Preview Assets.xcassets */,
			);
			path = "Preview Content";
			sourceTree = "<group>";
		};
		5989594125B95C7000A54F5A /* Weather-AppTests */ = {
			isa = PBXGroup;
			children = (
				5989594225B95C7000A54F5A /* Weather_AppTests.swift */,
				5989594425B95C7000A54F5A /* Info.plist */,
			);
			path = "Weather-AppTests";
			sourceTree = "<group>";
		};
		5989594C25B95C7000A54F5A /* Weather-AppUITests */ = {
			isa = PBXGroup;
			children = (
				5989594D25B95C7000A54F5A /* Weather_AppUITests.swift */,
				5989594F25B95C7000A54F5A /* Info.plist */,
			);
			path = "Weather-AppUITests";
			sourceTree = "<group>";
		};
		5989596D25B9C85400A54F5A /* View */ = {
			isa = PBXGroup;
			children = (
				5989596325B9708000A54F5A /* AppView.swift */,
				5989593225B95C6A00A54F5A /* ContentView.swift */,
				5989595E25B9699400A54F5A /* WeatherIcon.swift */,
				5989596825B9710D00A54F5A /* WeeklyTemperatureView.swift */,
				59396CF525BDE31B0083DD7B /* CurrentView.swift */,
			);
			path = View;
			sourceTree = "<group>";
		};
/* End PBXGroup section */

/* Begin PBXNativeTarget section */
		5989592C25B95C6A00A54F5A /* Weather-App */ = {
			isa = PBXNativeTarget;
			buildConfigurationList = 5989595225B95C7000A54F5A /* Build configuration list for PBXNativeTarget "Weather-App" */;
			buildPhases = (
				5989592925B95C6A00A54F5A /* Sources */,
				5989592A25B95C6A00A54F5A /* Frameworks */,
				5989592B25B95C6A00A54F5A /* Resources */,
			);
			buildRules = (
			);
			dependencies = (
			);
			name = "Weather-App";
			productName = "Weather-App";
			productReference = 5989592D25B95C6A00A54F5A /* Weather-App.app */;
			productType = "com.apple.product-type.application";
		};
		5989593D25B95C7000A54F5A /* Weather-AppTests */ = {
			isa = PBXNativeTarget;
			buildConfigurationList = 5989595525B95C7000A54F5A /* Build configuration list for PBXNativeTarget "Weather-AppTests" */;
			buildPhases = (
				5989593A25B95C7000A54F5A /* Sources */,
				5989593B25B95C7000A54F5A /* Frameworks */,
				5989593C25B95C7000A54F5A /* Resources */,
			);
			buildRules = (
			);
			dependencies = (
				5989594025B95C7000A54F5A /* PBXTargetDependency */,
			);
			name = "Weather-AppTests";
			productName = "Weather-AppTests";
			productReference = 5989593E25B95C7000A54F5A /* Weather-AppTests.xctest */;
			productType = "com.apple.product-type.bundle.unit-test";
		};
		5989594825B95C7000A54F5A /* Weather-AppUITests */ = {
			isa = PBXNativeTarget;
			buildConfigurationList = 5989595825B95C7000A54F5A /* Build configuration list for PBXNativeTarget "Weather-AppUITests" */;
			buildPhases = (
				5989594525B95C7000A54F5A /* Sources */,
				5989594625B95C7000A54F5A /* Frameworks */,
				5989594725B95C7000A54F5A /* Resources */,
			);
			buildRules = (
			);
			dependencies = (
				5989594B25B95C7000A54F5A /* PBXTargetDependency */,
			);
			name = "Weather-AppUITests";
			productName = "Weather-AppUITests";
			productReference = 5989594925B95C7000A54F5A /* Weather-AppUITests.xctest */;
			productType = "com.apple.product-type.bundle.ui-testing";
		};
/* End PBXNativeTarget section */

/* Begin PBXProject section */
		5989592525B95C6A00A54F5A /* Project object */ = {
			isa = PBXProject;
			attributes = {
				LastSwiftUpdateCheck = 1230;
				LastUpgradeCheck = 1230;
				TargetAttributes = {
					5989592C25B95C6A00A54F5A = {
						CreatedOnToolsVersion = 12.3;
					};
					5989593D25B95C7000A54F5A = {
						CreatedOnToolsVersion = 12.3;
						TestTargetID = 5989592C25B95C6A00A54F5A;
					};
					5989594825B95C7000A54F5A = {
						CreatedOnToolsVersion = 12.3;
						TestTargetID = 5989592C25B95C6A00A54F5A;
					};
				};
			};
			buildConfigurationList = 5989592825B95C6A00A54F5A /* Build configuration list for PBXProject "Weather-App" */;
			compatibilityVersion = "Xcode 9.3";
			developmentRegion = en;
			hasScannedForEncodings = 0;
			knownRegions = (
				en,
				Base,
			);
			mainGroup = 5989592425B95C6A00A54F5A;
			productRefGroup = 5989592E25B95C6A00A54F5A /* Products */;
			projectDirPath = "";
			projectRoot = "";
			targets = (
				5989592C25B95C6A00A54F5A /* Weather-App */,
				5989593D25B95C7000A54F5A /* Weather-AppTests */,
				5989594825B95C7000A54F5A /* Weather-AppUITests */,
			);
		};
/* End PBXProject section */

/* Begin PBXResourcesBuildPhase section */
		5989592B25B95C6A00A54F5A /* Resources */ = {
			isa = PBXResourcesBuildPhase;
			buildActionMask = 2147483647;
			files = (
				59396CD425BD43340083DD7B /* weatherResponse.json in Resources */,
				5989593825B95C6F00A54F5A /* Preview Assets.xcassets in Resources */,
				59396CE925BD5B750083DD7B /* Icons.json in Resources */,
				5989593525B95C6F00A54F5A /* Assets.xcassets in Resources */,
			);
			runOnlyForDeploymentPostprocessing = 0;
		};
		5989593C25B95C7000A54F5A /* Resources */ = {
			isa = PBXResourcesBuildPhase;
			buildActionMask = 2147483647;
			files = (
			);
			runOnlyForDeploymentPostprocessing = 0;
		};
		5989594725B95C7000A54F5A /* Resources */ = {
			isa = PBXResourcesBuildPhase;
			buildActionMask = 2147483647;
			files = (
			);
			runOnlyForDeploymentPostprocessing = 0;
		};
/* End PBXResourcesBuildPhase section */

/* Begin PBXSourcesBuildPhase section */
		5989592925B95C6A00A54F5A /* Sources */ = {
			isa = PBXSourcesBuildPhase;
			buildActionMask = 2147483647;
			files = (
				59396CE425BD513B0083DD7B /* API.swift in Sources */,
				5989596925B9710D00A54F5A /* WeeklyTemperatureView.swift in Sources */,
				5989596425B9708000A54F5A /* AppView.swift in Sources */,
				5989593325B95C6A00A54F5A /* ContentView.swift in Sources */,
				5989597725B9C8F300A54F5A /* WeatherManager.swift in Sources */,
				59396CDC25BD4D8F0083DD7B /* WeatherService.swift in Sources */,
				596B18D525BC7DB700F9B186 /* CurrentWeather.swift in Sources */,
				5989595F25B9699400A54F5A /* WeatherIcon.swift in Sources */,
				596B18DA25BC80B800F9B186 /* WeeklyModel.swift in Sources */,
				5989597225B9C89F00A54F5A /* CurrentWeatherModel.swift in Sources */,
				59396CF625BDE31B0083DD7B /* CurrentView.swift in Sources */,
				59396CFB25BDE6A10083DD7B /* Current+Extension.swift in Sources */,
				5989593125B95C6A00A54F5A /* Weather_AppApp.swift in Sources */,
			);
			runOnlyForDeploymentPostprocessing = 0;
		};
		5989593A25B95C7000A54F5A /* Sources */ = {
			isa = PBXSourcesBuildPhase;
			buildActionMask = 2147483647;
			files = (
				5989594325B95C7000A54F5A /* Weather_AppTests.swift in Sources */,
			);
			runOnlyForDeploymentPostprocessing = 0;
		};
		5989594525B95C7000A54F5A /* Sources */ = {
			isa = PBXSourcesBuildPhase;
			buildActionMask = 2147483647;
			files = (
				5989594E25B95C7000A54F5A /* Weather_AppUITests.swift in Sources */,
			);
			runOnlyForDeploymentPostprocessing = 0;
		};
/* End PBXSourcesBuildPhase section */

/* Begin PBXTargetDependency section */
		5989594025B95C7000A54F5A /* PBXTargetDependency */ = {
			isa = PBXTargetDependency;
			target = 5989592C25B95C6A00A54F5A /* Weather-App */;
			targetProxy = 5989593F25B95C7000A54F5A /* PBXContainerItemProxy */;
		};
		5989594B25B95C7000A54F5A /* PBXTargetDependency */ = {
			isa = PBXTargetDependency;
			target = 5989592C25B95C6A00A54F5A /* Weather-App */;
			targetProxy = 5989594A25B95C7000A54F5A /* PBXContainerItemProxy */;
		};
/* End PBXTargetDependency section */

/* Begin XCBuildConfiguration section */
		5989595025B95C7000A54F5A /* Debug */ = {
			isa = XCBuildConfiguration;
			buildSettings = {
				ALWAYS_SEARCH_USER_PATHS = NO;
				CLANG_ANALYZER_NONNULL = YES;
				CLANG_ANALYZER_NUMBER_OBJECT_CONVERSION = YES_AGGRESSIVE;
				CLANG_CXX_LANGUAGE_STANDARD = "gnu++14";
				CLANG_CXX_LIBRARY = "libc++";
				CLANG_ENABLE_MODULES = YES;
				CLANG_ENABLE_OBJC_ARC = YES;
				CLANG_ENABLE_OBJC_WEAK = YES;
				CLANG_WARN_BLOCK_CAPTURE_AUTORELEASING = YES;
				CLANG_WARN_BOOL_CONVERSION = YES;
				CLANG_WARN_COMMA = YES;
				CLANG_WARN_CONSTANT_CONVERSION = YES;
				CLANG_WARN_DEPRECATED_OBJC_IMPLEMENTATIONS = YES;
				CLANG_WARN_DIRECT_OBJC_ISA_USAGE = YES_ERROR;
				CLANG_WARN_DOCUMENTATION_COMMENTS = YES;
				CLANG_WARN_EMPTY_BODY = YES;
				CLANG_WARN_ENUM_CONVERSION = YES;
				CLANG_WARN_INFINITE_RECURSION = YES;
				CLANG_WARN_INT_CONVERSION = YES;
				CLANG_WARN_NON_LITERAL_NULL_CONVERSION = YES;
				CLANG_WARN_OBJC_IMPLICIT_RETAIN_SELF = YES;
				CLANG_WARN_OBJC_LITERAL_CONVERSION = YES;
				CLANG_WARN_OBJC_ROOT_CLASS = YES_ERROR;
				CLANG_WARN_QUOTED_INCLUDE_IN_FRAMEWORK_HEADER = YES;
				CLANG_WARN_RANGE_LOOP_ANALYSIS = YES;
				CLANG_WARN_STRICT_PROTOTYPES = YES;
				CLANG_WARN_SUSPICIOUS_MOVE = YES;
				CLANG_WARN_UNGUARDED_AVAILABILITY = YES_AGGRESSIVE;
				CLANG_WARN_UNREACHABLE_CODE = YES;
				CLANG_WARN__DUPLICATE_METHOD_MATCH = YES;
				COPY_PHASE_STRIP = NO;
				DEBUG_INFORMATION_FORMAT = dwarf;
				ENABLE_STRICT_OBJC_MSGSEND = YES;
				ENABLE_TESTABILITY = YES;
				GCC_C_LANGUAGE_STANDARD = gnu11;
				GCC_DYNAMIC_NO_PIC = NO;
				GCC_NO_COMMON_BLOCKS = YES;
				GCC_OPTIMIZATION_LEVEL = 0;
				GCC_PREPROCESSOR_DEFINITIONS = (
					"DEBUG=1",
					"$(inherited)",
				);
				GCC_WARN_64_TO_32_BIT_CONVERSION = YES;
				GCC_WARN_ABOUT_RETURN_TYPE = YES_ERROR;
				GCC_WARN_UNDECLARED_SELECTOR = YES;
				GCC_WARN_UNINITIALIZED_AUTOS = YES_AGGRESSIVE;
				GCC_WARN_UNUSED_FUNCTION = YES;
				GCC_WARN_UNUSED_VARIABLE = YES;
				IPHONEOS_DEPLOYMENT_TARGET = 14.3;
				MTL_ENABLE_DEBUG_INFO = INCLUDE_SOURCE;
				MTL_FAST_MATH = YES;
				ONLY_ACTIVE_ARCH = YES;
				SDKROOT = iphoneos;
				SWIFT_ACTIVE_COMPILATION_CONDITIONS = DEBUG;
				SWIFT_OPTIMIZATION_LEVEL = "-Onone";
			};
			name = Debug;
		};
		5989595125B95C7000A54F5A /* Release */ = {
			isa = XCBuildConfiguration;
			buildSettings = {
				ALWAYS_SEARCH_USER_PATHS = NO;
				CLANG_ANALYZER_NONNULL = YES;
				CLANG_ANALYZER_NUMBER_OBJECT_CONVERSION = YES_AGGRESSIVE;
				CLANG_CXX_LANGUAGE_STANDARD = "gnu++14";
				CLANG_CXX_LIBRARY = "libc++";
				CLANG_ENABLE_MODULES = YES;
				CLANG_ENABLE_OBJC_ARC = YES;
				CLANG_ENABLE_OBJC_WEAK = YES;
				CLANG_WARN_BLOCK_CAPTURE_AUTORELEASING = YES;
				CLANG_WARN_BOOL_CONVERSION = YES;
				CLANG_WARN_COMMA = YES;
				CLANG_WARN_CONSTANT_CONVERSION = YES;
				CLANG_WARN_DEPRECATED_OBJC_IMPLEMENTATIONS = YES;
				CLANG_WARN_DIRECT_OBJC_ISA_USAGE = YES_ERROR;
				CLANG_WARN_DOCUMENTATION_COMMENTS = YES;
				CLANG_WARN_EMPTY_BODY = YES;
				CLANG_WARN_ENUM_CONVERSION = YES;
				CLANG_WARN_INFINITE_RECURSION = YES;
				CLANG_WARN_INT_CONVERSION = YES;
				CLANG_WARN_NON_LITERAL_NULL_CONVERSION = YES;
				CLANG_WARN_OBJC_IMPLICIT_RETAIN_SELF = YES;
				CLANG_WARN_OBJC_LITERAL_CONVERSION = YES;
				CLANG_WARN_OBJC_ROOT_CLASS = YES_ERROR;
				CLANG_WARN_QUOTED_INCLUDE_IN_FRAMEWORK_HEADER = YES;
				CLANG_WARN_RANGE_LOOP_ANALYSIS = YES;
				CLANG_WARN_STRICT_PROTOTYPES = YES;
				CLANG_WARN_SUSPICIOUS_MOVE = YES;
				CLANG_WARN_UNGUARDED_AVAILABILITY = YES_AGGRESSIVE;
				CLANG_WARN_UNREACHABLE_CODE = YES;
				CLANG_WARN__DUPLICATE_METHOD_MATCH = YES;
				COPY_PHASE_STRIP = NO;
				DEBUG_INFORMATION_FORMAT = "dwarf-with-dsym";
				ENABLE_NS_ASSERTIONS = NO;
				ENABLE_STRICT_OBJC_MSGSEND = YES;
				GCC_C_LANGUAGE_STANDARD = gnu11;
				GCC_NO_COMMON_BLOCKS = YES;
				GCC_WARN_64_TO_32_BIT_CONVERSION = YES;
				GCC_WARN_ABOUT_RETURN_TYPE = YES_ERROR;
				GCC_WARN_UNDECLARED_SELECTOR = YES;
				GCC_WARN_UNINITIALIZED_AUTOS = YES_AGGRESSIVE;
				GCC_WARN_UNUSED_FUNCTION = YES;
				GCC_WARN_UNUSED_VARIABLE = YES;
				IPHONEOS_DEPLOYMENT_TARGET = 14.3;
				MTL_ENABLE_DEBUG_INFO = NO;
				MTL_FAST_MATH = YES;
				SDKROOT = iphoneos;
				SWIFT_COMPILATION_MODE = wholemodule;
				SWIFT_OPTIMIZATION_LEVEL = "-O";
				VALIDATE_PRODUCT = YES;
			};
			name = Release;
		};
		5989595325B95C7000A54F5A /* Debug */ = {
			isa = XCBuildConfiguration;
			buildSettings = {
				ASSETCATALOG_COMPILER_APPICON_NAME = AppIcon;
				ASSETCATALOG_COMPILER_GLOBAL_ACCENT_COLOR_NAME = AccentColor;
				CODE_SIGN_STYLE = Automatic;
				DEVELOPMENT_ASSET_PATHS = "\"Weather-App/Preview Content\"";
				DEVELOPMENT_TEAM = 3VZWRDD4TX;
				ENABLE_PREVIEWS = YES;
				INFOPLIST_FILE = "Weather-App/Info.plist";
				IPHONEOS_DEPLOYMENT_TARGET = 14.0;
				LD_RUNPATH_SEARCH_PATHS = (
					"$(inherited)",
					"@executable_path/Frameworks",
				);
				PRODUCT_BUNDLE_IDENTIFIER = "mozz.Weather-App";
				PRODUCT_NAME = "$(TARGET_NAME)";
				SWIFT_VERSION = 5.0;
				TARGETED_DEVICE_FAMILY = "1,2";
			};
			name = Debug;
		};
		5989595425B95C7000A54F5A /* Release */ = {
			isa = XCBuildConfiguration;
			buildSettings = {
				ASSETCATALOG_COMPILER_APPICON_NAME = AppIcon;
				ASSETCATALOG_COMPILER_GLOBAL_ACCENT_COLOR_NAME = AccentColor;
				CODE_SIGN_STYLE = Automatic;
				DEVELOPMENT_ASSET_PATHS = "\"Weather-App/Preview Content\"";
				DEVELOPMENT_TEAM = 3VZWRDD4TX;
				ENABLE_PREVIEWS = YES;
				INFOPLIST_FILE = "Weather-App/Info.plist";
				IPHONEOS_DEPLOYMENT_TARGET = 14.0;
				LD_RUNPATH_SEARCH_PATHS = (
					"$(inherited)",
					"@executable_path/Frameworks",
				);
				PRODUCT_BUNDLE_IDENTIFIER = "mozz.Weather-App";
				PRODUCT_NAME = "$(TARGET_NAME)";
				SWIFT_VERSION = 5.0;
				TARGETED_DEVICE_FAMILY = "1,2";
			};
			name = Release;
		};
		5989595625B95C7000A54F5A /* Debug */ = {
			isa = XCBuildConfiguration;
			buildSettings = {
				ALWAYS_EMBED_SWIFT_STANDARD_LIBRARIES = YES;
				BUNDLE_LOADER = "$(TEST_HOST)";
				CODE_SIGN_STYLE = Automatic;
				DEVELOPMENT_TEAM = 3VZWRDD4TX;
				INFOPLIST_FILE = "Weather-AppTests/Info.plist";
				IPHONEOS_DEPLOYMENT_TARGET = 14.0;
				LD_RUNPATH_SEARCH_PATHS = (
					"$(inherited)",
					"@executable_path/Frameworks",
					"@loader_path/Frameworks",
				);
				PRODUCT_BUNDLE_IDENTIFIER = "mozz.Weather-AppTests";
				PRODUCT_NAME = "$(TARGET_NAME)";
				SWIFT_VERSION = 5.0;
				TARGETED_DEVICE_FAMILY = "1,2";
				TEST_HOST = "$(BUILT_PRODUCTS_DIR)/Weather-App.app/Weather-App";
			};
			name = Debug;
		};
		5989595725B95C7000A54F5A /* Release */ = {
			isa = XCBuildConfiguration;
			buildSettings = {
				ALWAYS_EMBED_SWIFT_STANDARD_LIBRARIES = YES;
				BUNDLE_LOADER = "$(TEST_HOST)";
				CODE_SIGN_STYLE = Automatic;
				DEVELOPMENT_TEAM = 3VZWRDD4TX;
				INFOPLIST_FILE = "Weather-AppTests/Info.plist";
				IPHONEOS_DEPLOYMENT_TARGET = 14.0;
				LD_RUNPATH_SEARCH_PATHS = (
					"$(inherited)",
					"@executable_path/Frameworks",
					"@loader_path/Frameworks",
				);
				PRODUCT_BUNDLE_IDENTIFIER = "mozz.Weather-AppTests";
				PRODUCT_NAME = "$(TARGET_NAME)";
				SWIFT_VERSION = 5.0;
				TARGETED_DEVICE_FAMILY = "1,2";
				TEST_HOST = "$(BUILT_PRODUCTS_DIR)/Weather-App.app/Weather-App";
			};
			name = Release;
		};
		5989595925B95C7000A54F5A /* Debug */ = {
			isa = XCBuildConfiguration;
			buildSettings = {
				ALWAYS_EMBED_SWIFT_STANDARD_LIBRARIES = YES;
				CODE_SIGN_STYLE = Automatic;
				DEVELOPMENT_TEAM = 3VZWRDD4TX;
				INFOPLIST_FILE = "Weather-AppUITests/Info.plist";
				LD_RUNPATH_SEARCH_PATHS = (
					"$(inherited)",
					"@executable_path/Frameworks",
					"@loader_path/Frameworks",
				);
				PRODUCT_BUNDLE_IDENTIFIER = "mozz.Weather-AppUITests";
				PRODUCT_NAME = "$(TARGET_NAME)";
				SWIFT_VERSION = 5.0;
				TARGETED_DEVICE_FAMILY = "1,2";
				TEST_TARGET_NAME = "Weather-App";
			};
			name = Debug;
		};
		5989595A25B95C7000A54F5A /* Release */ = {
			isa = XCBuildConfiguration;
			buildSettings = {
				ALWAYS_EMBED_SWIFT_STANDARD_LIBRARIES = YES;
				CODE_SIGN_STYLE = Automatic;
				DEVELOPMENT_TEAM = 3VZWRDD4TX;
				INFOPLIST_FILE = "Weather-AppUITests/Info.plist";
				LD_RUNPATH_SEARCH_PATHS = (
					"$(inherited)",
					"@executable_path/Frameworks",
					"@loader_path/Frameworks",
				);
				PRODUCT_BUNDLE_IDENTIFIER = "mozz.Weather-AppUITests";
				PRODUCT_NAME = "$(TARGET_NAME)";
				SWIFT_VERSION = 5.0;
				TARGETED_DEVICE_FAMILY = "1,2";
				TEST_TARGET_NAME = "Weather-App";
			};
			name = Release;
		};
/* End XCBuildConfiguration section */

/* Begin XCConfigurationList section */
		5989592825B95C6A00A54F5A /* Build configuration list for PBXProject "Weather-App" */ = {
			isa = XCConfigurationList;
			buildConfigurations = (
				5989595025B95C7000A54F5A /* Debug */,
				5989595125B95C7000A54F5A /* Release */,
			);
			defaultConfigurationIsVisible = 0;
			defaultConfigurationName = Release;
		};
		5989595225B95C7000A54F5A /* Build configuration list for PBXNativeTarget "Weather-App" */ = {
			isa = XCConfigurationList;
			buildConfigurations = (
				5989595325B95C7000A54F5A /* Debug */,
				5989595425B95C7000A54F5A /* Release */,
			);
			defaultConfigurationIsVisible = 0;
			defaultConfigurationName = Release;
		};
		5989595525B95C7000A54F5A /* Build configuration list for PBXNativeTarget "Weather-AppTests" */ = {
			isa = XCConfigurationList;
			buildConfigurations = (
				5989595625B95C7000A54F5A /* Debug */,
				5989595725B95C7000A54F5A /* Release */,
			);
			defaultConfigurationIsVisible = 0;
			defaultConfigurationName = Release;
		};
		5989595825B95C7000A54F5A /* Build configuration list for PBXNativeTarget "Weather-AppUITests" */ = {
			isa = XCConfigurationList;
			buildConfigurations = (
				5989595925B95C7000A54F5A /* Debug */,
				5989595A25B95C7000A54F5A /* Release */,
			);
			defaultConfigurationIsVisible = 0;
			defaultConfigurationName = Release;
		};
/* End XCConfigurationList section */
	};
	rootObject = 5989592525B95C6A00A54F5A /* Project object */;
}
